// !$*UTF8*$!
{
	archiveVersion = 1;
	classes = {
	};
	objectVersion = 56;
	objects = {

/* Begin PBXBuildFile section */
		78C058912ABB1E2E00323AF9 /* HackathonApp.swift in Sources */ = {isa = PBXBuildFile; fileRef = 78C058902ABB1E2E00323AF9 /* HackathonApp.swift */; };
		78C058932ABB1E2E00323AF9 /* ContentView.swift in Sources */ = {isa = PBXBuildFile; fileRef = 78C058922ABB1E2E00323AF9 /* ContentView.swift */; };
		78C058952ABB1E3400323AF9 /* Assets.xcassets in Resources */ = {isa = PBXBuildFile; fileRef = 78C058942ABB1E3400323AF9 /* Assets.xcassets */; };
		78C058A22ABB1E3500323AF9 /* HackathonTests.swift in Sources */ = {isa = PBXBuildFile; fileRef = 78C058A12ABB1E3500323AF9 /* HackathonTests.swift */; };
		78C058AC2ABB1E3500323AF9 /* HackathonUITests.swift in Sources */ = {isa = PBXBuildFile; fileRef = 78C058AB2ABB1E3500323AF9 /* HackathonUITests.swift */; };
		78C058AE2ABB1E3500323AF9 /* HackathonUITestsLaunchTests.swift in Sources */ = {isa = PBXBuildFile; fileRef = 78C058AD2ABB1E3500323AF9 /* HackathonUITestsLaunchTests.swift */; };
		78C058BB2ABB21F900323AF9 /* ContentView+ViewModel.swift in Sources */ = {isa = PBXBuildFile; fileRef = 78C058BA2ABB21F900323AF9 /* ContentView+ViewModel.swift */; };
		78C058BD2ABB23FD00323AF9 /* DataModel.swift in Sources */ = {isa = PBXBuildFile; fileRef = 78C058BC2ABB23FD00323AF9 /* DataModel.swift */; };
/* End PBXBuildFile section */

/* Begin PBXContainerItemProxy section */
		78C0589E2ABB1E3500323AF9 /* PBXContainerItemProxy */ = {
			isa = PBXContainerItemProxy;
			containerPortal = 78C058852ABB1E2E00323AF9 /* Project object */;
			proxyType = 1;
			remoteGlobalIDString = 78C0588C2ABB1E2E00323AF9;
			remoteInfo = Hackathon;
		};
		78C058A82ABB1E3500323AF9 /* PBXContainerItemProxy */ = {
			isa = PBXContainerItemProxy;
			containerPortal = 78C058852ABB1E2E00323AF9 /* Project object */;
			proxyType = 1;
			remoteGlobalIDString = 78C0588C2ABB1E2E00323AF9;
			remoteInfo = Hackathon;
		};
/* End PBXContainerItemProxy section */

/* Begin PBXFileReference section */
		78C0588D2ABB1E2E00323AF9 /* Hackathon.app */ = {isa = PBXFileReference; explicitFileType = wrapper.application; includeInIndex = 0; path = Hackathon.app; sourceTree = BUILT_PRODUCTS_DIR; };
		78C058902ABB1E2E00323AF9 /* HackathonApp.swift */ = {isa = PBXFileReference; lastKnownFileType = sourcecode.swift; path = HackathonApp.swift; sourceTree = "<group>"; };
		78C058922ABB1E2E00323AF9 /* ContentView.swift */ = {isa = PBXFileReference; lastKnownFileType = sourcecode.swift; path = ContentView.swift; sourceTree = "<group>"; };
		78C058942ABB1E3400323AF9 /* Assets.xcassets */ = {isa = PBXFileReference; lastKnownFileType = folder.assetcatalog; path = Assets.xcassets; sourceTree = "<group>"; };
		78C0589D2ABB1E3500323AF9 /* HackathonTests.xctest */ = {isa = PBXFileReference; explicitFileType = wrapper.cfbundle; includeInIndex = 0; path = HackathonTests.xctest; sourceTree = BUILT_PRODUCTS_DIR; };
		78C058A12ABB1E3500323AF9 /* HackathonTests.swift */ = {isa = PBXFileReference; lastKnownFileType = sourcecode.swift; path = HackathonTests.swift; sourceTree = "<group>"; };
		78C058A72ABB1E3500323AF9 /* HackathonUITests.xctest */ = {isa = PBXFileReference; explicitFileType = wrapper.cfbundle; includeInIndex = 0; path = HackathonUITests.xctest; sourceTree = BUILT_PRODUCTS_DIR; };
		78C058AB2ABB1E3500323AF9 /* HackathonUITests.swift */ = {isa = PBXFileReference; lastKnownFileType = sourcecode.swift; path = HackathonUITests.swift; sourceTree = "<group>"; };
		78C058AD2ABB1E3500323AF9 /* HackathonUITestsLaunchTests.swift */ = {isa = PBXFileReference; lastKnownFileType = sourcecode.swift; path = HackathonUITestsLaunchTests.swift; sourceTree = "<group>"; };
		78C058BA2ABB21F900323AF9 /* ContentView+ViewModel.swift */ = {isa = PBXFileReference; lastKnownFileType = sourcecode.swift; path = "ContentView+ViewModel.swift"; sourceTree = "<group>"; };
		78C058BC2ABB23FD00323AF9 /* DataModel.swift */ = {isa = PBXFileReference; lastKnownFileType = sourcecode.swift; path = DataModel.swift; sourceTree = "<group>"; };
/* End PBXFileReference section */

/* Begin PBXFrameworksBuildPhase section */
		78C0588A2ABB1E2E00323AF9 /* Frameworks */ = {
			isa = PBXFrameworksBuildPhase;
			buildActionMask = 2147483647;
			files = (
			);
			runOnlyForDeploymentPostprocessing = 0;
		};
		78C0589A2ABB1E3500323AF9 /* Frameworks */ = {
			isa = PBXFrameworksBuildPhase;
			buildActionMask = 2147483647;
			files = (
			);
			runOnlyForDeploymentPostprocessing = 0;
		};
		78C058A42ABB1E3500323AF9 /* Frameworks */ = {
			isa = PBXFrameworksBuildPhase;
			buildActionMask = 2147483647;
			files = (
			);
			runOnlyForDeploymentPostprocessing = 0;
		};
/* End PBXFrameworksBuildPhase section */

/* Begin PBXGroup section */
		78C058842ABB1E2E00323AF9 = {
			isa = PBXGroup;
			children = (
				78C0588F2ABB1E2E00323AF9 /* Hackathon */,
				78C058A02ABB1E3500323AF9 /* HackathonTests */,
				78C058AA2ABB1E3500323AF9 /* HackathonUITests */,
				78C0588E2ABB1E2E00323AF9 /* Products */,
			);
			sourceTree = "<group>";
		};
		78C0588E2ABB1E2E00323AF9 /* Products */ = {
			isa = PBXGroup;
			children = (
				78C0588D2ABB1E2E00323AF9 /* Hackathon.app */,
				78C0589D2ABB1E3500323AF9 /* HackathonTests.xctest */,
				78C058A72ABB1E3500323AF9 /* HackathonUITests.xctest */,
			);
			name = Products;
			sourceTree = "<group>";
		};
		78C0588F2ABB1E2E00323AF9 /* Hackathon */ = {
			isa = PBXGroup;
			children = (
				78C058942ABB1E3400323AF9 /* Assets.xcassets */,
				78C058BE2ABB2B0500323AF9 /* Preview Content */,
				78C058902ABB1E2E00323AF9 /* HackathonApp.swift */,
				78C058922ABB1E2E00323AF9 /* ContentView.swift */,
				78C058BA2ABB21F900323AF9 /* ContentView+ViewModel.swift */,
				78C058BC2ABB23FD00323AF9 /* DataModel.swift */,
			);
			path = Hackathon;
			sourceTree = "<group>";
		};
		78C058A02ABB1E3500323AF9 /* HackathonTests */ = {
			isa = PBXGroup;
			children = (
				78C058A12ABB1E3500323AF9 /* HackathonTests.swift */,
			);
			path = HackathonTests;
			sourceTree = "<group>";
		};
		78C058AA2ABB1E3500323AF9 /* HackathonUITests */ = {
			isa = PBXGroup;
			children = (
				78C058AB2ABB1E3500323AF9 /* HackathonUITests.swift */,
				78C058AD2ABB1E3500323AF9 /* HackathonUITestsLaunchTests.swift */,
			);
			path = HackathonUITests;
			sourceTree = "<group>";
		};
		78C058BE2ABB2B0500323AF9 /* Preview Content */ = {
			isa = PBXGroup;
			children = (
			);
			path = "Preview Content";
			sourceTree = "<group>";
		};
/* End PBXGroup section */

/* Begin PBXNativeTarget section */
		78C0588C2ABB1E2E00323AF9 /* Hackathon */ = {
			isa = PBXNativeTarget;
			buildConfigurationList = 78C058B12ABB1E3500323AF9 /* Build configuration list for PBXNativeTarget "Hackathon" */;
			buildPhases = (
				78C058892ABB1E2E00323AF9 /* Sources */,
				78C0588A2ABB1E2E00323AF9 /* Frameworks */,
				78C0588B2ABB1E2E00323AF9 /* Resources */,
			);
			buildRules = (
			);
			dependencies = (
			);
			name = Hackathon;
			productName = Hackathon;
			productReference = 78C0588D2ABB1E2E00323AF9 /* Hackathon.app */;
			productType = "com.apple.product-type.application";
		};
		78C0589C2ABB1E3500323AF9 /* HackathonTests */ = {
			isa = PBXNativeTarget;
			buildConfigurationList = 78C058B42ABB1E3500323AF9 /* Build configuration list for PBXNativeTarget "HackathonTests" */;
			buildPhases = (
				78C058992ABB1E3500323AF9 /* Sources */,
				78C0589A2ABB1E3500323AF9 /* Frameworks */,
				78C0589B2ABB1E3500323AF9 /* Resources */,
			);
			buildRules = (
			);
			dependencies = (
				78C0589F2ABB1E3500323AF9 /* PBXTargetDependency */,
			);
			name = HackathonTests;
			productName = HackathonTests;
			productReference = 78C0589D2ABB1E3500323AF9 /* HackathonTests.xctest */;
			productType = "com.apple.product-type.bundle.unit-test";
		};
		78C058A62ABB1E3500323AF9 /* HackathonUITests */ = {
			isa = PBXNativeTarget;
			buildConfigurationList = 78C058B72ABB1E3500323AF9 /* Build configuration list for PBXNativeTarget "HackathonUITests" */;
			buildPhases = (
				78C058A32ABB1E3500323AF9 /* Sources */,
				78C058A42ABB1E3500323AF9 /* Frameworks */,
				78C058A52ABB1E3500323AF9 /* Resources */,
			);
			buildRules = (
			);
			dependencies = (
				78C058A92ABB1E3500323AF9 /* PBXTargetDependency */,
			);
			name = HackathonUITests;
			productName = HackathonUITests;
			productReference = 78C058A72ABB1E3500323AF9 /* HackathonUITests.xctest */;
			productType = "com.apple.product-type.bundle.ui-testing";
		};
/* End PBXNativeTarget section */

/* Begin PBXProject section */
		78C058852ABB1E2E00323AF9 /* Project object */ = {
			isa = PBXProject;
			attributes = {
				BuildIndependentTargetsInParallel = 1;
				LastSwiftUpdateCheck = 1500;
				LastUpgradeCheck = 1500;
				TargetAttributes = {
					78C0588C2ABB1E2E00323AF9 = {
						CreatedOnToolsVersion = 15.0;
					};
					78C0589C2ABB1E3500323AF9 = {
						CreatedOnToolsVersion = 15.0;
						TestTargetID = 78C0588C2ABB1E2E00323AF9;
					};
					78C058A62ABB1E3500323AF9 = {
						CreatedOnToolsVersion = 15.0;
						TestTargetID = 78C0588C2ABB1E2E00323AF9;
					};
				};
			};
			buildConfigurationList = 78C058882ABB1E2E00323AF9 /* Build configuration list for PBXProject "Hackathon" */;
			compatibilityVersion = "Xcode 14.0";
			developmentRegion = en;
			hasScannedForEncodings = 0;
			knownRegions = (
				en,
				Base,
			);
			mainGroup = 78C058842ABB1E2E00323AF9;
			productRefGroup = 78C0588E2ABB1E2E00323AF9 /* Products */;
			projectDirPath = "";
			projectRoot = "";
			targets = (
				78C0588C2ABB1E2E00323AF9 /* Hackathon */,
				78C0589C2ABB1E3500323AF9 /* HackathonTests */,
				78C058A62ABB1E3500323AF9 /* HackathonUITests */,
			);
		};
/* End PBXProject section */

/* Begin PBXResourcesBuildPhase section */
		78C0588B2ABB1E2E00323AF9 /* Resources */ = {
			isa = PBXResourcesBuildPhase;
			buildActionMask = 2147483647;
			files = (
				78C058952ABB1E3400323AF9 /* Assets.xcassets in Resources */,
			);
			runOnlyForDeploymentPostprocessing = 0;
		};
		78C0589B2ABB1E3500323AF9 /* Resources */ = {
			isa = PBXResourcesBuildPhase;
			buildActionMask = 2147483647;
			files = (
			);
			runOnlyForDeploymentPostprocessing = 0;
		};
		78C058A52ABB1E3500323AF9 /* Resources */ = {
			isa = PBXResourcesBuildPhase;
			buildActionMask = 2147483647;
			files = (
			);
			runOnlyForDeploymentPostprocessing = 0;
		};
/* End PBXResourcesBuildPhase section */

/* Begin PBXSourcesBuildPhase section */
		78C058892ABB1E2E00323AF9 /* Sources */ = {
			isa = PBXSourcesBuildPhase;
			buildActionMask = 2147483647;
			files = (
				78C058932ABB1E2E00323AF9 /* ContentView.swift in Sources */,
				78C058BD2ABB23FD00323AF9 /* DataModel.swift in Sources */,
				78C058912ABB1E2E00323AF9 /* HackathonApp.swift in Sources */,
				78C058BB2ABB21F900323AF9 /* ContentView+ViewModel.swift in Sources */,
			);
			runOnlyForDeploymentPostprocessing = 0;
		};
		78C058992ABB1E3500323AF9 /* Sources */ = {
			isa = PBXSourcesBuildPhase;
			buildActionMask = 2147483647;
			files = (
				78C058A22ABB1E3500323AF9 /* HackathonTests.swift in Sources */,
			);
			runOnlyForDeploymentPostprocessing = 0;
		};
		78C058A32ABB1E3500323AF9 /* Sources */ = {
			isa = PBXSourcesBuildPhase;
			buildActionMask = 2147483647;
			files = (
				78C058AE2ABB1E3500323AF9 /* HackathonUITestsLaunchTests.swift in Sources */,
				78C058AC2ABB1E3500323AF9 /* HackathonUITests.swift in Sources */,
			);
			runOnlyForDeploymentPostprocessing = 0;
		};
/* End PBXSourcesBuildPhase section */

/* Begin PBXTargetDependency section */
		78C0589F2ABB1E3500323AF9 /* PBXTargetDependency */ = {
			isa = PBXTargetDependency;
			target = 78C0588C2ABB1E2E00323AF9 /* Hackathon */;
			targetProxy = 78C0589E2ABB1E3500323AF9 /* PBXContainerItemProxy */;
		};
		78C058A92ABB1E3500323AF9 /* PBXTargetDependency */ = {
			isa = PBXTargetDependency;
			target = 78C0588C2ABB1E2E00323AF9 /* Hackathon */;
			targetProxy = 78C058A82ABB1E3500323AF9 /* PBXContainerItemProxy */;
		};
/* End PBXTargetDependency section */

/* Begin XCBuildConfiguration section */
		78C058AF2ABB1E3500323AF9 /* Debug */ = {
			isa = XCBuildConfiguration;
			buildSettings = {
				ALWAYS_SEARCH_USER_PATHS = NO;
				ASSETCATALOG_COMPILER_GENERATE_SWIFT_ASSET_SYMBOL_EXTENSIONS = YES;
				CLANG_ANALYZER_NONNULL = YES;
				CLANG_ANALYZER_NUMBER_OBJECT_CONVERSION = YES_AGGRESSIVE;
				CLANG_CXX_LANGUAGE_STANDARD = "gnu++20";
				CLANG_ENABLE_MODULES = YES;
				CLANG_ENABLE_OBJC_ARC = YES;
				CLANG_ENABLE_OBJC_WEAK = YES;
				CLANG_WARN_BLOCK_CAPTURE_AUTORELEASING = YES;
				CLANG_WARN_BOOL_CONVERSION = YES;
				CLANG_WARN_COMMA = YES;
				CLANG_WARN_CONSTANT_CONVERSION = YES;
				CLANG_WARN_DEPRECATED_OBJC_IMPLEMENTATIONS = YES;
				CLANG_WARN_DIRECT_OBJC_ISA_USAGE = YES_ERROR;
				CLANG_WARN_DOCUMENTATION_COMMENTS = YES;
				CLANG_WARN_EMPTY_BODY = YES;
				CLANG_WARN_ENUM_CONVERSION = YES;
				CLANG_WARN_INFINITE_RECURSION = YES;
				CLANG_WARN_INT_CONVERSION = YES;
				CLANG_WARN_NON_LITERAL_NULL_CONVERSION = YES;
				CLANG_WARN_OBJC_IMPLICIT_RETAIN_SELF = YES;
				CLANG_WARN_OBJC_LITERAL_CONVERSION = YES;
				CLANG_WARN_OBJC_ROOT_CLASS = YES_ERROR;
				CLANG_WARN_QUOTED_INCLUDE_IN_FRAMEWORK_HEADER = YES;
				CLANG_WARN_RANGE_LOOP_ANALYSIS = YES;
				CLANG_WARN_STRICT_PROTOTYPES = YES;
				CLANG_WARN_SUSPICIOUS_MOVE = YES;
				CLANG_WARN_UNGUARDED_AVAILABILITY = YES_AGGRESSIVE;
				CLANG_WARN_UNREACHABLE_CODE = YES;
				CLANG_WARN__DUPLICATE_METHOD_MATCH = YES;
				COPY_PHASE_STRIP = NO;
				DEBUG_INFORMATION_FORMAT = dwarf;
				ENABLE_STRICT_OBJC_MSGSEND = YES;
				ENABLE_TESTABILITY = YES;
				ENABLE_USER_SCRIPT_SANDBOXING = YES;
				GCC_C_LANGUAGE_STANDARD = gnu17;
				GCC_DYNAMIC_NO_PIC = NO;
				GCC_NO_COMMON_BLOCKS = YES;
				GCC_OPTIMIZATION_LEVEL = 0;
				GCC_PREPROCESSOR_DEFINITIONS = (
					"DEBUG=1",
					"$(inherited)",
				);
				GCC_WARN_64_TO_32_BIT_CONVERSION = YES;
				GCC_WARN_ABOUT_RETURN_TYPE = YES_ERROR;
				GCC_WARN_UNDECLARED_SELECTOR = YES;
				GCC_WARN_UNINITIALIZED_AUTOS = YES_AGGRESSIVE;
				GCC_WARN_UNUSED_FUNCTION = YES;
				GCC_WARN_UNUSED_VARIABLE = YES;
				IPHONEOS_DEPLOYMENT_TARGET = 17.0;
				LOCALIZATION_PREFERS_STRING_CATALOGS = YES;
				MTL_ENABLE_DEBUG_INFO = INCLUDE_SOURCE;
				MTL_FAST_MATH = YES;
				ONLY_ACTIVE_ARCH = YES;
				SDKROOT = iphoneos;
				SWIFT_ACTIVE_COMPILATION_CONDITIONS = "DEBUG $(inherited)";
				SWIFT_OPTIMIZATION_LEVEL = "-Onone";
			};
			name = Debug;
		};
		78C058B02ABB1E3500323AF9 /* Release */ = {
			isa = XCBuildConfiguration;
			buildSettings = {
				ALWAYS_SEARCH_USER_PATHS = NO;
				ASSETCATALOG_COMPILER_GENERATE_SWIFT_ASSET_SYMBOL_EXTENSIONS = YES;
				CLANG_ANALYZER_NONNULL = YES;
				CLANG_ANALYZER_NUMBER_OBJECT_CONVERSION = YES_AGGRESSIVE;
				CLANG_CXX_LANGUAGE_STANDARD = "gnu++20";
				CLANG_ENABLE_MODULES = YES;
				CLANG_ENABLE_OBJC_ARC = YES;
				CLANG_ENABLE_OBJC_WEAK = YES;
				CLANG_WARN_BLOCK_CAPTURE_AUTORELEASING = YES;
				CLANG_WARN_BOOL_CONVERSION = YES;
				CLANG_WARN_COMMA = YES;
				CLANG_WARN_CONSTANT_CONVERSION = YES;
				CLANG_WARN_DEPRECATED_OBJC_IMPLEMENTATIONS = YES;
				CLANG_WARN_DIRECT_OBJC_ISA_USAGE = YES_ERROR;
				CLANG_WARN_DOCUMENTATION_COMMENTS = YES;
				CLANG_WARN_EMPTY_BODY = YES;
				CLANG_WARN_ENUM_CONVERSION = YES;
				CLANG_WARN_INFINITE_RECURSION = YES;
				CLANG_WARN_INT_CONVERSION = YES;
				CLANG_WARN_NON_LITERAL_NULL_CONVERSION = YES;
				CLANG_WARN_OBJC_IMPLICIT_RETAIN_SELF = YES;
				CLANG_WARN_OBJC_LITERAL_CONVERSION = YES;
				CLANG_WARN_OBJC_ROOT_CLASS = YES_ERROR;
				CLANG_WARN_QUOTED_INCLUDE_IN_FRAMEWORK_HEADER = YES;
				CLANG_WARN_RANGE_LOOP_ANALYSIS = YES;
				CLANG_WARN_STRICT_PROTOTYPES = YES;
				CLANG_WARN_SUSPICIOUS_MOVE = YES;
				CLANG_WARN_UNGUARDED_AVAILABILITY = YES_AGGRESSIVE;
				CLANG_WARN_UNREACHABLE_CODE = YES;
				CLANG_WARN__DUPLICATE_METHOD_MATCH = YES;
				COPY_PHASE_STRIP = NO;
				DEBUG_INFORMATION_FORMAT = "dwarf-with-dsym";
				ENABLE_NS_ASSERTIONS = NO;
				ENABLE_STRICT_OBJC_MSGSEND = YES;
				ENABLE_USER_SCRIPT_SANDBOXING = YES;
				GCC_C_LANGUAGE_STANDARD = gnu17;
				GCC_NO_COMMON_BLOCKS = YES;
				GCC_WARN_64_TO_32_BIT_CONVERSION = YES;
				GCC_WARN_ABOUT_RETURN_TYPE = YES_ERROR;
				GCC_WARN_UNDECLARED_SELECTOR = YES;
				GCC_WARN_UNINITIALIZED_AUTOS = YES_AGGRESSIVE;
				GCC_WARN_UNUSED_FUNCTION = YES;
				GCC_WARN_UNUSED_VARIABLE = YES;
				IPHONEOS_DEPLOYMENT_TARGET = 17.0;
				LOCALIZATION_PREFERS_STRING_CATALOGS = YES;
				MTL_ENABLE_DEBUG_INFO = NO;
				MTL_FAST_MATH = YES;
				SDKROOT = iphoneos;
				SWIFT_COMPILATION_MODE = wholemodule;
				VALIDATE_PRODUCT = YES;
			};
			name = Release;
		};
		78C058B22ABB1E3500323AF9 /* Debug */ = {
			isa = XCBuildConfiguration;
			buildSettings = {
				ASSETCATALOG_COMPILER_APPICON_NAME = AppIcon;
				ASSETCATALOG_COMPILER_GLOBAL_ACCENT_COLOR_NAME = AccentColor;
				CODE_SIGN_STYLE = Automatic;
				CURRENT_PROJECT_VERSION = 1;
				DEVELOPMENT_ASSET_PATHS = "\"Hackathon/Preview Content\"";
				ENABLE_PREVIEWS = YES;
				GENERATE_INFOPLIST_FILE = YES;
				INFOPLIST_KEY_UIApplicationSceneManifest_Generation = YES;
				INFOPLIST_KEY_UIApplicationSupportsIndirectInputEvents = YES;
				INFOPLIST_KEY_UILaunchScreen_Generation = YES;
				INFOPLIST_KEY_UISupportedInterfaceOrientations_iPad = "UIInterfaceOrientationPortrait UIInterfaceOrientationPortraitUpsideDown UIInterfaceOrientationLandscapeLeft UIInterfaceOrientationLandscapeRight";
				INFOPLIST_KEY_UISupportedInterfaceOrientations_iPhone = "UIInterfaceOrientationPortrait UIInterfaceOrientationLandscapeLeft UIInterfaceOrientationLandscapeRight";
				LD_RUNPATH_SEARCH_PATHS = (
					"$(inherited)",
					"@executable_path/Frameworks",
				);
				MARKETING_VERSION = 1.0;
				PRODUCT_BUNDLE_IDENTIFIER = com.MOD.Hackathon;
				PRODUCT_NAME = "$(TARGET_NAME)";
				SWIFT_EMIT_LOC_STRINGS = YES;
				SWIFT_VERSION = 5.0;
				TARGETED_DEVICE_FAMILY = "1,2";
			};
			name = Debug;
		};
		78C058B32ABB1E3500323AF9 /* Release */ = {
			isa = XCBuildConfiguration;
			buildSettings = {
				ASSETCATALOG_COMPILER_APPICON_NAME = AppIcon;
				ASSETCATALOG_COMPILER_GLOBAL_ACCENT_COLOR_NAME = AccentColor;
				CODE_SIGN_STYLE = Automatic;
				CURRENT_PROJECT_VERSION = 1;
				DEVELOPMENT_ASSET_PATHS = "\"Hackathon/Preview Content\"";
				ENABLE_PREVIEWS = YES;
				GENERATE_INFOPLIST_FILE = YES;
				INFOPLIST_KEY_UIApplicationSceneManifest_Generation = YES;
				INFOPLIST_KEY_UIApplicationSupportsIndirectInputEvents = YES;
				INFOPLIST_KEY_UILaunchScreen_Generation = YES;
				INFOPLIST_KEY_UISupportedInterfaceOrientations_iPad = "UIInterfaceOrientationPortrait UIInterfaceOrientationPortraitUpsideDown UIInterfaceOrientationLandscapeLeft UIInterfaceOrientationLandscapeRight";
				INFOPLIST_KEY_UISupportedInterfaceOrientations_iPhone = "UIInterfaceOrientationPortrait UIInterfaceOrientationLandscapeLeft UIInterfaceOrientationLandscapeRight";
				LD_RUNPATH_SEARCH_PATHS = (
					"$(inherited)",
					"@executable_path/Frameworks",
				);
				MARKETING_VERSION = 1.0;
				PRODUCT_BUNDLE_IDENTIFIER = com.MOD.Hackathon;
				PRODUCT_NAME = "$(TARGET_NAME)";
				SWIFT_EMIT_LOC_STRINGS = YES;
				SWIFT_VERSION = 5.0;
				TARGETED_DEVICE_FAMILY = "1,2";
			};
			name = Release;
		};
		78C058B52ABB1E3500323AF9 /* Debug */ = {
			isa = XCBuildConfiguration;
			buildSettings = {
				ALWAYS_EMBED_SWIFT_STANDARD_LIBRARIES = YES;
				BUNDLE_LOADER = "$(TEST_HOST)";
				CODE_SIGN_STYLE = Automatic;
				CURRENT_PROJECT_VERSION = 1;
				GENERATE_INFOPLIST_FILE = YES;
				IPHONEOS_DEPLOYMENT_TARGET = 17.0;
				MARKETING_VERSION = 1.0;
				PRODUCT_BUNDLE_IDENTIFIER = com.MOD.HackathonTests;
				PRODUCT_NAME = "$(TARGET_NAME)";
				SWIFT_EMIT_LOC_STRINGS = NO;
				SWIFT_VERSION = 5.0;
				TARGETED_DEVICE_FAMILY = "1,2";
				TEST_HOST = "$(BUILT_PRODUCTS_DIR)/Hackathon.app/$(BUNDLE_EXECUTABLE_FOLDER_PATH)/Hackathon";
			};
			name = Debug;
		};
		78C058B62ABB1E3500323AF9 /* Release */ = {
			isa = XCBuildConfiguration;
			buildSettings = {
				ALWAYS_EMBED_SWIFT_STANDARD_LIBRARIES = YES;
				BUNDLE_LOADER = "$(TEST_HOST)";
				CODE_SIGN_STYLE = Automatic;
				CURRENT_PROJECT_VERSION = 1;
				GENERATE_INFOPLIST_FILE = YES;
				IPHONEOS_DEPLOYMENT_TARGET = 17.0;
				MARKETING_VERSION = 1.0;
				PRODUCT_BUNDLE_IDENTIFIER = com.MOD.HackathonTests;
				PRODUCT_NAME = "$(TARGET_NAME)";
				SWIFT_EMIT_LOC_STRINGS = NO;
				SWIFT_VERSION = 5.0;
				TARGETED_DEVICE_FAMILY = "1,2";
				TEST_HOST = "$(BUILT_PRODUCTS_DIR)/Hackathon.app/$(BUNDLE_EXECUTABLE_FOLDER_PATH)/Hackathon";
			};
			name = Release;
		};
		78C058B82ABB1E3500323AF9 /* Debug */ = {
			isa = XCBuildConfiguration;
			buildSettings = {
				ALWAYS_EMBED_SWIFT_STANDARD_LIBRARIES = YES;
				CODE_SIGN_STYLE = Automatic;
				CURRENT_PROJECT_VERSION = 1;
				GENERATE_INFOPLIST_FILE = YES;
				MARKETING_VERSION = 1.0;
				PRODUCT_BUNDLE_IDENTIFIER = com.MOD.HackathonUITests;
				PRODUCT_NAME = "$(TARGET_NAME)";
				SWIFT_EMIT_LOC_STRINGS = NO;
				SWIFT_VERSION = 5.0;
				TARGETED_DEVICE_FAMILY = "1,2";
				TEST_TARGET_NAME = Hackathon;
			};
			name = Debug;
		};
		78C058B92ABB1E3500323AF9 /* Release */ = {
			isa = XCBuildConfiguration;
			buildSettings = {
				ALWAYS_EMBED_SWIFT_STANDARD_LIBRARIES = YES;
				CODE_SIGN_STYLE = Automatic;
				CURRENT_PROJECT_VERSION = 1;
				GENERATE_INFOPLIST_FILE = YES;
				MARKETING_VERSION = 1.0;
				PRODUCT_BUNDLE_IDENTIFIER = com.MOD.HackathonUITests;
				PRODUCT_NAME = "$(TARGET_NAME)";
				SWIFT_EMIT_LOC_STRINGS = NO;
				SWIFT_VERSION = 5.0;
				TARGETED_DEVICE_FAMILY = "1,2";
				TEST_TARGET_NAME = Hackathon;
			};
			name = Release;
		};
/* End XCBuildConfiguration section */

/* Begin XCConfigurationList section */
		78C058882ABB1E2E00323AF9 /* Build configuration list for PBXProject "Hackathon" */ = {
			isa = XCConfigurationList;
			buildConfigurations = (
				78C058AF2ABB1E3500323AF9 /* Debug */,
				78C058B02ABB1E3500323AF9 /* Release */,
			);
			defaultConfigurationIsVisible = 0;
			defaultConfigurationName = Release;
		};
		78C058B12ABB1E3500323AF9 /* Build configuration list for PBXNativeTarget "Hackathon" */ = {
			isa = XCConfigurationList;
			buildConfigurations = (
				78C058B22ABB1E3500323AF9 /* Debug */,
				78C058B32ABB1E3500323AF9 /* Release */,
			);
			defaultConfigurationIsVisible = 0;
			defaultConfigurationName = Release;
		};
		78C058B42ABB1E3500323AF9 /* Build configuration list for PBXNativeTarget "HackathonTests" */ = {
			isa = XCConfigurationList;
			buildConfigurations = (
				78C058B52ABB1E3500323AF9 /* Debug */,
				78C058B62ABB1E3500323AF9 /* Release */,
			);
			defaultConfigurationIsVisible = 0;
			defaultConfigurationName = Release;
		};
		78C058B72ABB1E3500323AF9 /* Build configuration list for PBXNativeTarget "HackathonUITests" */ = {
			isa = XCConfigurationList;
			buildConfigurations = (
				78C058B82ABB1E3500323AF9 /* Debug */,
				78C058B92ABB1E3500323AF9 /* Release */,
			);
			defaultConfigurationIsVisible = 0;
			defaultConfigurationName = Release;
		};
/* End XCConfigurationList section */
	};
	rootObject = 78C058852ABB1E2E00323AF9 /* Project object */;
}
